
Microsoft Visual Studio Solution File, Format Version 12.00
# Visual Studio Version 16
VisualStudioVersion = 16.0.29424.173
MinimumVisualStudioVersion = 10.0.40219.1
Project("{9A19103F-16F7-4668-BE54-9A1E7A4F7556}") = "Pabeda_Odev", "Pabeda_Odev\Pabeda_Odev.csproj", "{87D01E77-8F6C-4642-B5EB-9937C0CAEDA1}"
EndProject
Project("{FAE04EC0-301F-11D3-BF4B-00C04F79EFBC}") = "Pabeda_UnitTest", "Pabeda_UnitTest\Pabeda_UnitTest.csproj", "{F15A9083-0652-418C-828B-879B96321DB7}"
EndProject
Global
	GlobalSection(SolutionConfigurationPlatforms) = preSolution
		Debug|Any CPU = Debug|Any CPU
		Release|Any CPU = Release|Any CPU
	EndGlobalSection
	GlobalSection(ProjectConfigurationPlatforms) = postSolution
		{87D01E77-8F6C-4642-B5EB-9937C0CAEDA1}.Debug|Any CPU.ActiveCfg = Debug|Any CPU
		{87D01E77-8F6C-4642-B5EB-9937C0CAEDA1}.Debug|Any CPU.Build.0 = Debug|Any CPU
		{87D01E77-8F6C-4642-B5EB-9937C0CAEDA1}.Release|Any CPU.ActiveCfg = Release|Any CPU
		{87D01E77-8F6C-4642-B5EB-9937C0CAEDA1}.Release|Any CPU.Build.0 = Release|Any CPU
		{F15A9083-0652-418C-828B-879B96321DB7}.Debug|Any CPU.ActiveCfg = Debug|Any CPU
		{F15A9083-0652-418C-828B-879B96321DB7}.Debug|Any CPU.Build.0 = Debug|Any CPU
		{F15A9083-0652-418C-828B-879B96321DB7}.Release|Any CPU.ActiveCfg = Release|Any CPU
		{F15A9083-0652-418C-828B-879B96321DB7}.Release|Any CPU.Build.0 = Release|Any CPU
	EndGlobalSection
	GlobalSection(SolutionProperties) = preSolution
		HideSolutionNode = FALSE
	EndGlobalSection
	GlobalSection(ExtensibilityGlobals) = postSolution
		SolutionGuid = {329B1C62-6542-43DA-A97A-E6C593867DE0}
	EndGlobalSection
EndGlobal
